
Microsoft Visual Studio Solution File, Format Version 12.00
Project("{FAE04EC0-301F-11D3-BF4B-00C04F79EFBC}") = "UDP_console", "UDP_console\UDP_console.csproj", "{247FD889-D028-4912-BB7C-459D91623FFE}"
EndProject
Project("{FAE04EC0-301F-11D3-BF4B-00C04F79EFBC}") = "UDP_listner", "UDP_listner\UDP_listner.csproj", "{DE02259A-D3A6-4AC0-B4FA-2E213FB5D5CB}"
EndProject
Global
	GlobalSection(SolutionConfigurationPlatforms) = preSolution
		Debug|Any CPU = Debug|Any CPU
		Release|Any CPU = Release|Any CPU
	EndGlobalSection
	GlobalSection(ProjectConfigurationPlatforms) = postSolution
		{247FD889-D028-4912-BB7C-459D91623FFE}.Debug|Any CPU.ActiveCfg = Debug|Any CPU
		{247FD889-D028-4912-BB7C-459D91623FFE}.Debug|Any CPU.Build.0 = Debug|Any CPU
		{247FD889-D028-4912-BB7C-459D91623FFE}.Release|Any CPU.ActiveCfg = Release|Any CPU
		{247FD889-D028-4912-BB7C-459D91623FFE}.Release|Any CPU.Build.0 = Release|Any CPU
		{DE02259A-D3A6-4AC0-B4FA-2E213FB5D5CB}.Debug|Any CPU.ActiveCfg = Debug|Any CPU
		{DE02259A-D3A6-4AC0-B4FA-2E213FB5D5CB}.Debug|Any CPU.Build.0 = Debug|Any CPU
		{DE02259A-D3A6-4AC0-B4FA-2E213FB5D5CB}.Release|Any CPU.ActiveCfg = Release|Any CPU
		{DE02259A-D3A6-4AC0-B4FA-2E213FB5D5CB}.Release|Any CPU.Build.0 = Release|Any CPU
	EndGlobalSection
EndGlobal
